# THIS IS AN AUTOGENERATED FILE. DO NOT EDIT THIS FILE DIRECTLY.
# yarn lockfile v1


"@yandex/ymaps3-types@^1.0.17566762":
  version "1.0.17566762"
  resolved "https://registry.yarnpkg.com/@yandex/ymaps3-types/-/ymaps3-types-1.0.17566762.tgz#5999dd9dbb75e2720ac308b7f6bdad6dad623404"
  integrity sha512-chhmnOvtmT1G48/w+ZgOefGez6M8uv3yzDxsouZkcyT9I4wn4sgcF5Cq6fAG5IhozR+vmZv+6tDOyAdPyV5/Vw==
